
Microsoft Visual Studio Solution File, Format Version 12.00
# Visual Studio Version 17
VisualStudioVersion = 17.2.32526.322
MinimumVisualStudioVersion = 10.0.40219.1
Project("{FAE04EC0-301F-11D3-BF4B-00C04F79EFBC}") = "ReadAppSettingsMvcApp", "ReadAppSettingsMvcApp\ReadAppSettingsMvcApp.csproj", "{D152B555-E60A-48FC-84D3-1CB439E5F7EF}"
EndProject
Global
	GlobalSection(SolutionConfigurationPlatforms) = preSolution
		Debug|Any CPU = Debug|Any CPU
		Release|Any CPU = Release|Any CPU
	EndGlobalSection
	GlobalSection(ProjectConfigurationPlatforms) = postSolution
		{D152B555-E60A-48FC-84D3-1CB439E5F7EF}.Debug|Any CPU.ActiveCfg = Debug|Any CPU
		{D152B555-E60A-48FC-84D3-1CB439E5F7EF}.Debug|Any CPU.Build.0 = Debug|Any CPU
		{D152B555-E60A-48FC-84D3-1CB439E5F7EF}.Release|Any CPU.ActiveCfg = Release|Any CPU
		{D152B555-E60A-48FC-84D3-1CB439E5F7EF}.Release|Any CPU.Build.0 = Release|Any CPU
	EndGlobalSection
	GlobalSection(SolutionProperties) = preSolution
		HideSolutionNode = FALSE
	EndGlobalSection
	GlobalSection(ExtensibilityGlobals) = postSolution
		SolutionGuid = {88E74893-6194-415B-AAB3-6AF935C51796}
	EndGlobalSection
EndGlobal
